
Microsoft Visual Studio Solution File, Format Version 12.00
# Visual Studio 14
VisualStudioVersion = 14.0.25420.1
MinimumVisualStudioVersion = 10.0.40219.1
Project("{2150E333-8FDC-42A3-9474-1A3956D46DE8}") = "Engine", "Engine", "{2F291137-7235-4BC6-8E71-C0075DDB492F}"
EndProject
Project("{2150E333-8FDC-42A3-9474-1A3956D46DE8}") = "Games", "Games", "{FFB74962-73CF-4C44-AE31-68D54E9FD5B6}"
EndProject
Project("{8BC9CEB8-8B4A-11D0-8D11-00A0C91BC942}") = "UE4", "Intermediate\ProjectFiles\UE4.vcxproj", "{BA925935-06A6-4048-941C-AEF2FFA8EABD}"
EndProject
Project("{8BC9CEB8-8B4A-11D0-8D11-00A0C91BC942}") = "BuildingEscape", "Intermediate\ProjectFiles\BuildingEscape.vcxproj", "{1294364B-F25E-45EE-8554-34695DEA7D1C}"
EndProject
Global
	GlobalSection(SolutionConfigurationPlatforms) = preSolution
		DebugGame Editor|HTML5 = DebugGame Editor|HTML5
		DebugGame Editor|Win32 = DebugGame Editor|Win32
		DebugGame Editor|Win64 = DebugGame Editor|Win64
		DebugGame|HTML5 = DebugGame|HTML5
		DebugGame|Win32 = DebugGame|Win32
		DebugGame|Win64 = DebugGame|Win64
		Development Editor|HTML5 = Development Editor|HTML5
		Development Editor|Win32 = Development Editor|Win32
		Development Editor|Win64 = Development Editor|Win64
		Development|HTML5 = Development|HTML5
		Development|Win32 = Development|Win32
		Development|Win64 = Development|Win64
		Shipping|HTML5 = Shipping|HTML5
		Shipping|Win32 = Shipping|Win32
		Shipping|Win64 = Shipping|Win64
	EndGlobalSection
	GlobalSection(ProjectConfigurationPlatforms) = postSolution
		{BA925935-06A6-4048-941C-AEF2FFA8EABD}.DebugGame Editor|HTML5.ActiveCfg = BuiltWithUnrealBuildTool|Win32
		{BA925935-06A6-4048-941C-AEF2FFA8EABD}.DebugGame Editor|HTML5.Build.0 = BuiltWithUnrealBuildTool|Win32
		{BA925935-06A6-4048-941C-AEF2FFA8EABD}.DebugGame Editor|Win32.ActiveCfg = BuiltWithUnrealBuildTool|Win32
		{BA925935-06A6-4048-941C-AEF2FFA8EABD}.DebugGame Editor|Win32.Build.0 = BuiltWithUnrealBuildTool|Win32
		{BA925935-06A6-4048-941C-AEF2FFA8EABD}.DebugGame Editor|Win64.ActiveCfg = BuiltWithUnrealBuildTool|Win32
		{BA925935-06A6-4048-941C-AEF2FFA8EABD}.DebugGame Editor|Win64.Build.0 = BuiltWithUnrealBuildTool|Win32
		{BA925935-06A6-4048-941C-AEF2FFA8EABD}.DebugGame|HTML5.ActiveCfg = BuiltWithUnrealBuildTool|Win32
		{BA925935-06A6-4048-941C-AEF2FFA8EABD}.DebugGame|HTML5.Build.0 = BuiltWithUnrealBuildTool|Win32
		{BA925935-06A6-4048-941C-AEF2FFA8EABD}.DebugGame|Win32.ActiveCfg = BuiltWithUnrealBuildTool|Win32
		{BA925935-06A6-4048-941C-AEF2FFA8EABD}.DebugGame|Win32.Build.0 = BuiltWithUnrealBuildTool|Win32
		{BA925935-06A6-4048-941C-AEF2FFA8EABD}.DebugGame|Win64.ActiveCfg = BuiltWithUnrealBuildTool|Win32
		{BA925935-06A6-4048-941C-AEF2FFA8EABD}.DebugGame|Win64.Build.0 = BuiltWithUnrealBuildTool|Win32
		{BA925935-06A6-4048-941C-AEF2FFA8EABD}.Development Editor|HTML5.ActiveCfg = BuiltWithUnrealBuildTool|Win32
		{BA925935-06A6-4048-941C-AEF2FFA8EABD}.Development Editor|HTML5.Build.0 = BuiltWithUnrealBuildTool|Win32
		{BA925935-06A6-4048-941C-AEF2FFA8EABD}.Development Editor|Win32.ActiveCfg = BuiltWithUnrealBuildTool|Win32
		{BA925935-06A6-4048-941C-AEF2FFA8EABD}.Development Editor|Win32.Build.0 = BuiltWithUnrealBuildTool|Win32
		{BA925935-06A6-4048-941C-AEF2FFA8EABD}.Development Editor|Win64.ActiveCfg = BuiltWithUnrealBuildTool|Win32
		{BA925935-06A6-4048-941C-AEF2FFA8EABD}.Development Editor|Win64.Build.0 = BuiltWithUnrealBuildTool|Win32
		{BA925935-06A6-4048-941C-AEF2FFA8EABD}.Development|HTML5.ActiveCfg = BuiltWithUnrealBuildTool|Win32
		{BA925935-06A6-4048-941C-AEF2FFA8EABD}.Development|HTML5.Build.0 = BuiltWithUnrealBuildTool|Win32
		{BA925935-06A6-4048-941C-AEF2FFA8EABD}.Development|Win32.ActiveCfg = BuiltWithUnrealBuildTool|Win32
		{BA925935-06A6-4048-941C-AEF2FFA8EABD}.Development|Win32.Build.0 = BuiltWithUnrealBuildTool|Win32
		{BA925935-06A6-4048-941C-AEF2FFA8EABD}.Development|Win64.ActiveCfg = BuiltWithUnrealBuildTool|Win32
		{BA925935-06A6-4048-941C-AEF2FFA8EABD}.Development|Win64.Build.0 = BuiltWithUnrealBuildTool|Win32
		{BA925935-06A6-4048-941C-AEF2FFA8EABD}.Shipping|HTML5.ActiveCfg = BuiltWithUnrealBuildTool|Win32
		{BA925935-06A6-4048-941C-AEF2FFA8EABD}.Shipping|HTML5.Build.0 = BuiltWithUnrealBuildTool|Win32
		{BA925935-06A6-4048-941C-AEF2FFA8EABD}.Shipping|Win32.ActiveCfg = BuiltWithUnrealBuildTool|Win32
		{BA925935-06A6-4048-941C-AEF2FFA8EABD}.Shipping|Win32.Build.0 = BuiltWithUnrealBuildTool|Win32
		{BA925935-06A6-4048-941C-AEF2FFA8EABD}.Shipping|Win64.ActiveCfg = BuiltWithUnrealBuildTool|Win32
		{BA925935-06A6-4048-941C-AEF2FFA8EABD}.Shipping|Win64.Build.0 = BuiltWithUnrealBuildTool|Win32
		{1294364B-F25E-45EE-8554-34695DEA7D1C}.DebugGame Editor|HTML5.ActiveCfg = HTML5_DebugGame_Editor|Win32
		{1294364B-F25E-45EE-8554-34695DEA7D1C}.DebugGame Editor|Win32.ActiveCfg = DebugGame_Editor|Win32
		{1294364B-F25E-45EE-8554-34695DEA7D1C}.DebugGame Editor|Win64.ActiveCfg = DebugGame_Editor|x64
		{1294364B-F25E-45EE-8554-34695DEA7D1C}.DebugGame Editor|Win64.Build.0 = DebugGame_Editor|x64
		{1294364B-F25E-45EE-8554-34695DEA7D1C}.DebugGame|HTML5.ActiveCfg = HTML5_DebugGame_Game|Win32
		{1294364B-F25E-45EE-8554-34695DEA7D1C}.DebugGame|HTML5.Build.0 = HTML5_DebugGame_Game|Win32
		{1294364B-F25E-45EE-8554-34695DEA7D1C}.DebugGame|Win32.ActiveCfg = DebugGame_Game|Win32
		{1294364B-F25E-45EE-8554-34695DEA7D1C}.DebugGame|Win32.Build.0 = DebugGame_Game|Win32
		{1294364B-F25E-45EE-8554-34695DEA7D1C}.DebugGame|Win64.ActiveCfg = DebugGame_Game|x64
		{1294364B-F25E-45EE-8554-34695DEA7D1C}.DebugGame|Win64.Build.0 = DebugGame_Game|x64
		{1294364B-F25E-45EE-8554-34695DEA7D1C}.Development Editor|HTML5.ActiveCfg = HTML5_Development_Editor|Win32
		{1294364B-F25E-45EE-8554-34695DEA7D1C}.Development Editor|Win32.ActiveCfg = Development_Editor|Win32
		{1294364B-F25E-45EE-8554-34695DEA7D1C}.Development Editor|Win64.ActiveCfg = Development_Editor|x64
		{1294364B-F25E-45EE-8554-34695DEA7D1C}.Development Editor|Win64.Build.0 = Development_Editor|x64
		{1294364B-F25E-45EE-8554-34695DEA7D1C}.Development|HTML5.ActiveCfg = HTML5_Development_Game|Win32
		{1294364B-F25E-45EE-8554-34695DEA7D1C}.Development|HTML5.Build.0 = HTML5_Development_Game|Win32
		{1294364B-F25E-45EE-8554-34695DEA7D1C}.Development|Win32.ActiveCfg = Development_Game|Win32
		{1294364B-F25E-45EE-8554-34695DEA7D1C}.Development|Win32.Build.0 = Development_Game|Win32
		{1294364B-F25E-45EE-8554-34695DEA7D1C}.Development|Win64.ActiveCfg = Development_Game|x64
		{1294364B-F25E-45EE-8554-34695DEA7D1C}.Development|Win64.Build.0 = Development_Game|x64
		{1294364B-F25E-45EE-8554-34695DEA7D1C}.Shipping|HTML5.ActiveCfg = HTML5_Shipping_Game|Win32
		{1294364B-F25E-45EE-8554-34695DEA7D1C}.Shipping|HTML5.Build.0 = HTML5_Shipping_Game|Win32
		{1294364B-F25E-45EE-8554-34695DEA7D1C}.Shipping|Win32.ActiveCfg = Shipping_Game|Win32
		{1294364B-F25E-45EE-8554-34695DEA7D1C}.Shipping|Win32.Build.0 = Shipping_Game|Win32
		{1294364B-F25E-45EE-8554-34695DEA7D1C}.Shipping|Win64.ActiveCfg = Shipping_Game|x64
		{1294364B-F25E-45EE-8554-34695DEA7D1C}.Shipping|Win64.Build.0 = Shipping_Game|x64
	EndGlobalSection
	GlobalSection(SolutionProperties) = preSolution
		HideSolutionNode = FALSE
	EndGlobalSection
	GlobalSection(NestedProjects) = preSolution
		{BA925935-06A6-4048-941C-AEF2FFA8EABD} = {2F291137-7235-4BC6-8E71-C0075DDB492F}
		{1294364B-F25E-45EE-8554-34695DEA7D1C} = {FFB74962-73CF-4C44-AE31-68D54E9FD5B6}
	EndGlobalSection
EndGlobal
